
Microsoft Visual Studio Solution File, Format Version 12.00
# Visual Studio Version 16
VisualStudioVersion = 16.0.30204.135
MinimumVisualStudioVersion = 10.0.40219.1
Project("{FAE04EC0-301F-11D3-BF4B-00C04F79EFBC}") = "CarDealerView", "CarDealerView\CarDealerView.csproj", "{5EEE0EAA-96D9-4B7E-90A6-69630267C17C}"
EndProject
Global
	GlobalSection(SolutionConfigurationPlatforms) = preSolution
		Debug|Any CPU = Debug|Any CPU
		Release|Any CPU = Release|Any CPU
	EndGlobalSection
	GlobalSection(ProjectConfigurationPlatforms) = postSolution
		{5EEE0EAA-96D9-4B7E-90A6-69630267C17C}.Debug|Any CPU.ActiveCfg = Debug|Any CPU
		{5EEE0EAA-96D9-4B7E-90A6-69630267C17C}.Debug|Any CPU.Build.0 = Debug|Any CPU
		{5EEE0EAA-96D9-4B7E-90A6-69630267C17C}.Release|Any CPU.ActiveCfg = Release|Any CPU
		{5EEE0EAA-96D9-4B7E-90A6-69630267C17C}.Release|Any CPU.Build.0 = Release|Any CPU
	EndGlobalSection
	GlobalSection(SolutionProperties) = preSolution
		HideSolutionNode = FALSE
	EndGlobalSection
	GlobalSection(ExtensibilityGlobals) = postSolution
		SolutionGuid = {428B9D03-4B05-402A-BDF4-545D94989710}
	EndGlobalSection
EndGlobal
